
Microsoft Visual Studio Solution File, Format Version 12.00
Project("{FAE04EC0-301F-11D3-BF4B-00C04F79EFBC}") = "DSharpPlus.BetterPagination", "DSharpPlus.BetterPagination/DSharpPlus.BetterPagination.csproj", "{F3169C4C-5CB1-444E-86E5-F07C70D914A8}"
EndProject
Global
	GlobalSection(SolutionConfigurationPlatforms) = preSolution
		Debug|Any CPU = Debug|Any CPU
		Release|Any CPU = Release|Any CPU
	EndGlobalSection
	GlobalSection(ProjectConfigurationPlatforms) = postSolution
		{F3169C4C-5CB1-444E-86E5-F07C70D914A8}.Debug|Any CPU.ActiveCfg = Debug|Any CPU
		{F3169C4C-5CB1-444E-86E5-F07C70D914A8}.Debug|Any CPU.Build.0 = Debug|Any CPU
		{F3169C4C-5CB1-444E-86E5-F07C70D914A8}.Release|Any CPU.ActiveCfg = Release|Any CPU
		{F3169C4C-5CB1-444E-86E5-F07C70D914A8}.Release|Any CPU.Build.0 = Release|Any CPU
	EndGlobalSection
EndGlobal
